
Microsoft Visual Studio Solution File, Format Version 12.00
# Visual Studio Version 17
VisualStudioVersion = 17.4.33103.184
MinimumVisualStudioVersion = 10.0.40219.1
Project("{FAE04EC0-301F-11D3-BF4B-00C04F79EFBC}") = "GitHubIntegration", "Practicode3\GitHubIntegration.csproj", "{BD21E2C0-69BE-4E4D-BAA6-4F64A7215669}"
EndProject
Project("{FAE04EC0-301F-11D3-BF4B-00C04F79EFBC}") = "GitHub.WebAPI", "GitHub.WebAPI\GitHub.WebAPI.csproj", "{A99170AA-8BE5-4049-8AEC-6CE0F2EB4D59}"
EndProject
Global
	GlobalSection(SolutionConfigurationPlatforms) = preSolution
		Debug|Any CPU = Debug|Any CPU
		Release|Any CPU = Release|Any CPU
	EndGlobalSection
	GlobalSection(ProjectConfigurationPlatforms) = postSolution
		{BD21E2C0-69BE-4E4D-BAA6-4F64A7215669}.Debug|Any CPU.ActiveCfg = Debug|Any CPU
		{BD21E2C0-69BE-4E4D-BAA6-4F64A7215669}.Debug|Any CPU.Build.0 = Debug|Any CPU
		{BD21E2C0-69BE-4E4D-BAA6-4F64A7215669}.Release|Any CPU.ActiveCfg = Release|Any CPU
		{BD21E2C0-69BE-4E4D-BAA6-4F64A7215669}.Release|Any CPU.Build.0 = Release|Any CPU
		{A99170AA-8BE5-4049-8AEC-6CE0F2EB4D59}.Debug|Any CPU.ActiveCfg = Debug|Any CPU
		{A99170AA-8BE5-4049-8AEC-6CE0F2EB4D59}.Debug|Any CPU.Build.0 = Debug|Any CPU
		{A99170AA-8BE5-4049-8AEC-6CE0F2EB4D59}.Release|Any CPU.ActiveCfg = Release|Any CPU
		{A99170AA-8BE5-4049-8AEC-6CE0F2EB4D59}.Release|Any CPU.Build.0 = Release|Any CPU
	EndGlobalSection
	GlobalSection(SolutionProperties) = preSolution
		HideSolutionNode = FALSE
	EndGlobalSection
	GlobalSection(ExtensibilityGlobals) = postSolution
		SolutionGuid = {1C747331-EEDE-4E4A-9397-CEFF4B80F4AC}
	EndGlobalSection
EndGlobal
